
Microsoft Visual Studio Solution File, Format Version 12.00
# Visual Studio Version 16
VisualStudioVersion = 16.0.31624.102
MinimumVisualStudioVersion = 10.0.40219.1
Project("{FAE04EC0-301F-11D3-BF4B-00C04F79EFBC}") = "TP LABO II", "TP LABO II\TP LABO II.csproj", "{786B3C64-69BA-40B2-B900-AB4C8D58C92D}"
EndProject
Global
	GlobalSection(SolutionConfigurationPlatforms) = preSolution
		Debug|Any CPU = Debug|Any CPU
		Release|Any CPU = Release|Any CPU
	EndGlobalSection
	GlobalSection(ProjectConfigurationPlatforms) = postSolution
		{786B3C64-69BA-40B2-B900-AB4C8D58C92D}.Debug|Any CPU.ActiveCfg = Debug|Any CPU
		{786B3C64-69BA-40B2-B900-AB4C8D58C92D}.Debug|Any CPU.Build.0 = Debug|Any CPU
		{786B3C64-69BA-40B2-B900-AB4C8D58C92D}.Release|Any CPU.ActiveCfg = Release|Any CPU
		{786B3C64-69BA-40B2-B900-AB4C8D58C92D}.Release|Any CPU.Build.0 = Release|Any CPU
	EndGlobalSection
	GlobalSection(SolutionProperties) = preSolution
		HideSolutionNode = FALSE
	EndGlobalSection
	GlobalSection(ExtensibilityGlobals) = postSolution
		SolutionGuid = {099A755B-C46A-4860-A39A-B9915129E287}
	EndGlobalSection
EndGlobal
